# This file is generated by running "yarn install" inside your project.
# Manual changes might be lost - proceed with caution!

__metadata:
  version: 8
  cacheKey: 10c0

"@types/firefox-webext-browser@npm:^120.0.3":
  version: 120.0.3
  resolution: "@types/firefox-webext-browser@npm:120.0.3"
  checksum: a1865fb1b0066940f62953bb5e75bdbf947c1f24cb0a847adce76594b7a626075d7f5679563c71cc2e95b10662be56fe197277a3aa1d1540d2e60528c8eeb79c
  languageName: node
  linkType: hard

"mediasync@workspace:.":
  version: 0.0.0-use.local
  resolution: "mediasync@workspace:."
  dependencies:
    "@types/firefox-webext-browser": "npm:^120.0.3"
    typescript: "npm:^5.4.5"
  languageName: unknown
  linkType: soft

"typescript@npm:^5.4.5":
  version: 5.4.5
  resolution: "typescript@npm:5.4.5"
  bin:
    tsc: bin/tsc
    tsserver: bin/tsserver
  checksum: 2954022ada340fd3d6a9e2b8e534f65d57c92d5f3989a263754a78aba549f7e6529acc1921913560a4b816c46dce7df4a4d29f9f11a3dc0d4213bb76d043251e
  languageName: node
  linkType: hard

"typescript@patch:typescript@npm%3A^5.4.5#optional!builtin<compat/typescript>":
  version: 5.4.5
  resolution: "typescript@patch:typescript@npm%3A5.4.5#optional!builtin<compat/typescript>::version=5.4.5&hash=e012d7"
  bin:
    tsc: bin/tsc
    tsserver: bin/tsserver
  checksum: 9cf4c053893bcf327d101b6c024a55baf05430dc30263f9adb1bf354aeffc11306fe1f23ba2f9a0209674359f16219b5b7d229e923477b94831d07d5a33a4217
  languageName: node
  linkType: hard
